// !$*UTF8*$!
{
	archiveVersion = 1;
	classes = {
	};
	objectVersion = 55;
	objects = {

/* Begin PBXBuildFile section */
		2E0900F529ADA75700865E30 /* SeedStoreMapper.swift in Sources */ = {isa = PBXBuildFile; fileRef = 2E0900F429ADA75700865E30 /* SeedStoreMapper.swift */; };
		2E0900F729ADAE1F00865E30 /* PublicKeyStoreMapper.swift in Sources */ = {isa = PBXBuildFile; fileRef = 2E0900F629ADAE1F00865E30 /* PublicKeyStoreMapper.swift */; };
		2E0900FC29ADB16D00865E30 /* TransactionStoreMapper.swift in Sources */ = {isa = PBXBuildFile; fileRef = 2E0900FB29ADB16D00865E30 /* TransactionStoreMapper.swift */; };
		2E09010329B00AED00865E30 /* SeedUIAdapter.swift in Sources */ = {isa = PBXBuildFile; fileRef = 2E09010229B00AED00865E30 /* SeedUIAdapter.swift */; };
		2E09010D29B3104500865E30 /* PublicKeyUIAdapter.swift in Sources */ = {isa = PBXBuildFile; fileRef = 2E09010C29B3104500865E30 /* PublicKeyUIAdapter.swift */; };
		2E1DBE892B5DE95500970E48 /* SolanaSwift in Frameworks */ = {isa = PBXBuildFile; productRef = 2E1DBE882B5DE95500970E48 /* SolanaSwift */; };
		2E42948228483FDD00817480 /* MySolWalletApp.swift in Sources */ = {isa = PBXBuildFile; fileRef = 2E42948128483FDD00817480 /* MySolWalletApp.swift */; };
		2E42948628483FDF00817480 /* Assets.xcassets in Resources */ = {isa = PBXBuildFile; fileRef = 2E42948528483FDE00817480 /* Assets.xcassets */; };
		2E42948928483FDF00817480 /* Preview Assets.xcassets in Resources */ = {isa = PBXBuildFile; fileRef = 2E42948828483FDF00817480 /* Preview Assets.xcassets */; };
		2E42949328483FDF00817480 /* MySolWalletTests.swift in Sources */ = {isa = PBXBuildFile; fileRef = 2E42949228483FDF00817480 /* MySolWalletTests.swift */; };
		2E4294AE2848406B00817480 /* SolanaPackage.framework in Frameworks */ = {isa = PBXBuildFile; fileRef = 2E4294AC2848406B00817480 /* SolanaPackage.framework */; };
		2E4294AF2848406B00817480 /* SolanaPackage.framework in Embed Frameworks */ = {isa = PBXBuildFile; fileRef = 2E4294AC2848406B00817480 /* SolanaPackage.framework */; settings = {ATTRIBUTES = (CodeSignOnCopy, RemoveHeadersOnCopy, ); }; };
		2E4294B02848406B00817480 /* SolanaPackageUI.framework in Frameworks */ = {isa = PBXBuildFile; fileRef = 2E4294AD2848406B00817480 /* SolanaPackageUI.framework */; };
		2E4294B12848406B00817480 /* SolanaPackageUI.framework in Embed Frameworks */ = {isa = PBXBuildFile; fileRef = 2E4294AD2848406B00817480 /* SolanaPackageUI.framework */; settings = {ATTRIBUTES = (CodeSignOnCopy, RemoveHeadersOnCopy, ); }; };
		2E4899B329F4A738004734B9 /* NullStore.swift in Sources */ = {isa = PBXBuildFile; fileRef = 2E4899B229F4A738004734B9 /* NullStore.swift */; };
		2E7E4AE42B7B025A0057B344 /* BalanceUIAdapter.swift in Sources */ = {isa = PBXBuildFile; fileRef = 2E7E4AE32B7B025A0057B344 /* BalanceUIAdapter.swift */; };
		2E7E4AE62B7B02B60057B344 /* BalanceStoreMapper.swift in Sources */ = {isa = PBXBuildFile; fileRef = 2E7E4AE52B7B02B60057B344 /* BalanceStoreMapper.swift */; };
		2E80F38B29A200DC00A4053C /* MainAppNavigationView.swift in Sources */ = {isa = PBXBuildFile; fileRef = 2E80F38A29A200DC00A4053C /* MainAppNavigationView.swift */; };
		2E917D1429EFD93200B578FA /* TransactionUIAdapter.swift in Sources */ = {isa = PBXBuildFile; fileRef = 2E917D1329EFD93200B578FA /* TransactionUIAdapter.swift */; };
		2E9FF53429F87036002989EF /* MainWalletCreator.swift in Sources */ = {isa = PBXBuildFile; fileRef = 2E9FF53329F87036002989EF /* MainWalletCreator.swift */; };
		2E9FF53629F88A6D002989EF /* NullCreator.swift in Sources */ = {isa = PBXBuildFile; fileRef = 2E9FF53529F88A6D002989EF /* NullCreator.swift */; };
		2E9FF53F29FF24C0002989EF /* MainAppStore.swift in Sources */ = {isa = PBXBuildFile; fileRef = 2E9FF53E29FF24C0002989EF /* MainAppStore.swift */; };
		2EAEF0EC297A5C1C00091A49 /* CombineHelpers.swift in Sources */ = {isa = PBXBuildFile; fileRef = 2EAEF0EB297A5C1C00091A49 /* CombineHelpers.swift */; };
		2EF68C8D299F5CB100969DE5 /* iOSSwiftUINavigationAdapter.swift in Sources */ = {isa = PBXBuildFile; fileRef = 2EF68C8C299F5CB100969DE5 /* iOSSwiftUINavigationAdapter.swift */; };
		2EF75C2129CBC89D001E3DA7 /* SeedBankHelpers.swift in Sources */ = {isa = PBXBuildFile; fileRef = 2EF75C2029CBC89D001E3DA7 /* SeedBankHelpers.swift */; };
/* End PBXBuildFile section */

/* Begin PBXContainerItemProxy section */
		2E42948F28483FDF00817480 /* PBXContainerItemProxy */ = {
			isa = PBXContainerItemProxy;
			containerPortal = 2E42947628483FDD00817480 /* Project object */;
			proxyType = 1;
			remoteGlobalIDString = 2E42947D28483FDD00817480;
			remoteInfo = MySolWallet;
		};
/* End PBXContainerItemProxy section */

/* Begin PBXCopyFilesBuildPhase section */
		2E4294B22848406B00817480 /* Embed Frameworks */ = {
			isa = PBXCopyFilesBuildPhase;
			buildActionMask = 2147483647;
			dstPath = "";
			dstSubfolderSpec = 10;
			files = (
				2E4294AF2848406B00817480 /* SolanaPackage.framework in Embed Frameworks */,
				2E4294B12848406B00817480 /* SolanaPackageUI.framework in Embed Frameworks */,
			);
			name = "Embed Frameworks";
			runOnlyForDeploymentPostprocessing = 0;
		};
/* End PBXCopyFilesBuildPhase section */

/* Begin PBXFileReference section */
		2E06DA182AB149C700105784 /* Info.plist */ = {isa = PBXFileReference; lastKnownFileType = text.plist; path = Info.plist; sourceTree = "<group>"; };
		2E0900F429ADA75700865E30 /* SeedStoreMapper.swift */ = {isa = PBXFileReference; lastKnownFileType = sourcecode.swift; path = SeedStoreMapper.swift; sourceTree = "<group>"; };
		2E0900F629ADAE1F00865E30 /* PublicKeyStoreMapper.swift */ = {isa = PBXFileReference; lastKnownFileType = sourcecode.swift; path = PublicKeyStoreMapper.swift; sourceTree = "<group>"; };
		2E0900FB29ADB16D00865E30 /* TransactionStoreMapper.swift */ = {isa = PBXFileReference; lastKnownFileType = sourcecode.swift; path = TransactionStoreMapper.swift; sourceTree = "<group>"; };
		2E09010229B00AED00865E30 /* SeedUIAdapter.swift */ = {isa = PBXFileReference; lastKnownFileType = sourcecode.swift; path = SeedUIAdapter.swift; sourceTree = "<group>"; };
		2E09010C29B3104500865E30 /* PublicKeyUIAdapter.swift */ = {isa = PBXFileReference; lastKnownFileType = sourcecode.swift; path = PublicKeyUIAdapter.swift; sourceTree = "<group>"; };
		2E42947E28483FDD00817480 /* MySolWallet.app */ = {isa = PBXFileReference; explicitFileType = wrapper.application; includeInIndex = 0; path = MySolWallet.app; sourceTree = BUILT_PRODUCTS_DIR; };
		2E42948128483FDD00817480 /* MySolWalletApp.swift */ = {isa = PBXFileReference; lastKnownFileType = sourcecode.swift; path = MySolWalletApp.swift; sourceTree = "<group>"; };
		2E42948528483FDE00817480 /* Assets.xcassets */ = {isa = PBXFileReference; lastKnownFileType = folder.assetcatalog; path = Assets.xcassets; sourceTree = "<group>"; };
		2E42948828483FDF00817480 /* Preview Assets.xcassets */ = {isa = PBXFileReference; lastKnownFileType = folder.assetcatalog; path = "Preview Assets.xcassets"; sourceTree = "<group>"; };
		2E42948E28483FDF00817480 /* MySolWalletTests.xctest */ = {isa = PBXFileReference; explicitFileType = wrapper.cfbundle; includeInIndex = 0; path = MySolWalletTests.xctest; sourceTree = BUILT_PRODUCTS_DIR; };
		2E42949228483FDF00817480 /* MySolWalletTests.swift */ = {isa = PBXFileReference; lastKnownFileType = sourcecode.swift; path = MySolWalletTests.swift; sourceTree = "<group>"; };
		2E4294AC2848406B00817480 /* SolanaPackage.framework */ = {isa = PBXFileReference; explicitFileType = wrapper.framework; path = SolanaPackage.framework; sourceTree = BUILT_PRODUCTS_DIR; };
		2E4294AD2848406B00817480 /* SolanaPackageUI.framework */ = {isa = PBXFileReference; explicitFileType = wrapper.framework; path = SolanaPackageUI.framework; sourceTree = BUILT_PRODUCTS_DIR; };
		2E4899B229F4A738004734B9 /* NullStore.swift */ = {isa = PBXFileReference; lastKnownFileType = sourcecode.swift; path = NullStore.swift; sourceTree = "<group>"; };
		2E5631BB2A96D94700DFFE38 /* MySolWallet.entitlements */ = {isa = PBXFileReference; lastKnownFileType = text.plist.entitlements; path = MySolWallet.entitlements; sourceTree = "<group>"; };
		2E7E4AE32B7B025A0057B344 /* BalanceUIAdapter.swift */ = {isa = PBXFileReference; lastKnownFileType = sourcecode.swift; path = BalanceUIAdapter.swift; sourceTree = "<group>"; };
		2E7E4AE52B7B02B60057B344 /* BalanceStoreMapper.swift */ = {isa = PBXFileReference; lastKnownFileType = sourcecode.swift; path = BalanceStoreMapper.swift; sourceTree = "<group>"; };
		2E80F38A29A200DC00A4053C /* MainAppNavigationView.swift */ = {isa = PBXFileReference; lastKnownFileType = sourcecode.swift; path = MainAppNavigationView.swift; sourceTree = "<group>"; };
		2E917D1329EFD93200B578FA /* TransactionUIAdapter.swift */ = {isa = PBXFileReference; lastKnownFileType = sourcecode.swift; path = TransactionUIAdapter.swift; sourceTree = "<group>"; };
		2E9FF53329F87036002989EF /* MainWalletCreator.swift */ = {isa = PBXFileReference; lastKnownFileType = sourcecode.swift; path = MainWalletCreator.swift; sourceTree = "<group>"; };
		2E9FF53529F88A6D002989EF /* NullCreator.swift */ = {isa = PBXFileReference; lastKnownFileType = sourcecode.swift; path = NullCreator.swift; sourceTree = "<group>"; };
		2E9FF53E29FF24C0002989EF /* MainAppStore.swift */ = {isa = PBXFileReference; lastKnownFileType = sourcecode.swift; path = MainAppStore.swift; sourceTree = "<group>"; };
		2EAEF0EB297A5C1C00091A49 /* CombineHelpers.swift */ = {isa = PBXFileReference; lastKnownFileType = sourcecode.swift; path = CombineHelpers.swift; sourceTree = "<group>"; };
		2EF68C8C299F5CB100969DE5 /* iOSSwiftUINavigationAdapter.swift */ = {isa = PBXFileReference; lastKnownFileType = sourcecode.swift; path = iOSSwiftUINavigationAdapter.swift; sourceTree = "<group>"; };
		2EF75C2029CBC89D001E3DA7 /* SeedBankHelpers.swift */ = {isa = PBXFileReference; lastKnownFileType = sourcecode.swift; path = SeedBankHelpers.swift; sourceTree = "<group>"; };
/* End PBXFileReference section */

/* Begin PBXFrameworksBuildPhase section */
		2E42947B28483FDD00817480 /* Frameworks */ = {
			isa = PBXFrameworksBuildPhase;
			buildActionMask = 2147483647;
			files = (
				2E1DBE892B5DE95500970E48 /* SolanaSwift in Frameworks */,
				2E4294AE2848406B00817480 /* SolanaPackage.framework in Frameworks */,
				2E4294B02848406B00817480 /* SolanaPackageUI.framework in Frameworks */,
			);
			runOnlyForDeploymentPostprocessing = 0;
		};
		2E42948B28483FDF00817480 /* Frameworks */ = {
			isa = PBXFrameworksBuildPhase;
			buildActionMask = 2147483647;
			files = (
			);
			runOnlyForDeploymentPostprocessing = 0;
		};
/* End PBXFrameworksBuildPhase section */

/* Begin PBXGroup section */
		2E0900F329ADA72D00865E30 /* Mappers */ = {
			isa = PBXGroup;
			children = (
				2E0900F629ADAE1F00865E30 /* PublicKeyStoreMapper.swift */,
				2E0900F429ADA75700865E30 /* SeedStoreMapper.swift */,
				2E0900FB29ADB16D00865E30 /* TransactionStoreMapper.swift */,
				2E7E4AE52B7B02B60057B344 /* BalanceStoreMapper.swift */,
			);
			path = Mappers;
			sourceTree = "<group>";
		};
		2E09010129B00AD800865E30 /* Adapters */ = {
			isa = PBXGroup;
			children = (
				2E09010229B00AED00865E30 /* SeedUIAdapter.swift */,
				2E09010C29B3104500865E30 /* PublicKeyUIAdapter.swift */,
				2E917D1329EFD93200B578FA /* TransactionUIAdapter.swift */,
				2E7E4AE32B7B025A0057B344 /* BalanceUIAdapter.swift */,
			);
			path = Adapters;
			sourceTree = "<group>";
		};
		2E42947528483FDD00817480 = {
			isa = PBXGroup;
			children = (
				2E42948028483FDD00817480 /* MySolWallet */,
				2E42949128483FDF00817480 /* MySolWalletTests */,
				2E42947F28483FDD00817480 /* Products */,
				2E4294AB2848406B00817480 /* Frameworks */,
			);
			sourceTree = "<group>";
		};
		2E42947F28483FDD00817480 /* Products */ = {
			isa = PBXGroup;
			children = (
				2E42947E28483FDD00817480 /* MySolWallet.app */,
				2E42948E28483FDF00817480 /* MySolWalletTests.xctest */,
			);
			name = Products;
			sourceTree = "<group>";
		};
		2E42948028483FDD00817480 /* MySolWallet */ = {
			isa = PBXGroup;
			children = (
				2E06DA182AB149C700105784 /* Info.plist */,
				2E5631BB2A96D94700DFFE38 /* MySolWallet.entitlements */,
				2E09010129B00AD800865E30 /* Adapters */,
				2E0900F329ADA72D00865E30 /* Mappers */,
				2EF68C89299F5A6200969DE5 /* Main */,
				2EF68C84299F595E00969DE5 /* Navigation */,
				2EF7903E299DB5B1002658E4 /* Helpers */,
				2E42948528483FDE00817480 /* Assets.xcassets */,
				2E42948728483FDF00817480 /* Preview Content */,
			);
			path = MySolWallet;
			sourceTree = "<group>";
		};
		2E42948728483FDF00817480 /* Preview Content */ = {
			isa = PBXGroup;
			children = (
				2E42948828483FDF00817480 /* Preview Assets.xcassets */,
			);
			path = "Preview Content";
			sourceTree = "<group>";
		};
		2E42949128483FDF00817480 /* MySolWalletTests */ = {
			isa = PBXGroup;
			children = (
				2E42949228483FDF00817480 /* MySolWalletTests.swift */,
			);
			path = MySolWalletTests;
			sourceTree = "<group>";
		};
		2E4294AB2848406B00817480 /* Frameworks */ = {
			isa = PBXGroup;
			children = (
				2E4294AC2848406B00817480 /* SolanaPackage.framework */,
				2E4294AD2848406B00817480 /* SolanaPackageUI.framework */,
			);
			name = Frameworks;
			sourceTree = "<group>";
		};
		2EF68C84299F595E00969DE5 /* Navigation */ = {
			isa = PBXGroup;
			children = (
				2E80F38A29A200DC00A4053C /* MainAppNavigationView.swift */,
			);
			path = Navigation;
			sourceTree = "<group>";
		};
		2EF68C89299F5A6200969DE5 /* Main */ = {
			isa = PBXGroup;
			children = (
				2E9FF53E29FF24C0002989EF /* MainAppStore.swift */,
				2EF68C8C299F5CB100969DE5 /* iOSSwiftUINavigationAdapter.swift */,
				2E42948128483FDD00817480 /* MySolWalletApp.swift */,
			);
			path = Main;
			sourceTree = "<group>";
		};
		2EF7903E299DB5B1002658E4 /* Helpers */ = {
			isa = PBXGroup;
			children = (
				2E4899B229F4A738004734B9 /* NullStore.swift */,
				2E9FF53529F88A6D002989EF /* NullCreator.swift */,
				2EAEF0EB297A5C1C00091A49 /* CombineHelpers.swift */,
				2EF75C2029CBC89D001E3DA7 /* SeedBankHelpers.swift */,
				2E9FF53329F87036002989EF /* MainWalletCreator.swift */,
			);
			path = Helpers;
			sourceTree = "<group>";
		};
/* End PBXGroup section */

/* Begin PBXNativeTarget section */
		2E42947D28483FDD00817480 /* MySolWallet */ = {
			isa = PBXNativeTarget;
			buildConfigurationList = 2E4294A228483FDF00817480 /* Build configuration list for PBXNativeTarget "MySolWallet" */;
			buildPhases = (
				2E42947A28483FDD00817480 /* Sources */,
				2E42947B28483FDD00817480 /* Frameworks */,
				2E42947C28483FDD00817480 /* Resources */,
				2E4294B22848406B00817480 /* Embed Frameworks */,
			);
			buildRules = (
			);
			dependencies = (
			);
			name = MySolWallet;
			packageProductDependencies = (
				2E1DBE882B5DE95500970E48 /* SolanaSwift */,
			);
			productName = MySolWallet;
			productReference = 2E42947E28483FDD00817480 /* MySolWallet.app */;
			productType = "com.apple.product-type.application";
		};
		2E42948D28483FDF00817480 /* MySolWalletTests */ = {
			isa = PBXNativeTarget;
			buildConfigurationList = 2E4294A528483FDF00817480 /* Build configuration list for PBXNativeTarget "MySolWalletTests" */;
			buildPhases = (
				2E42948A28483FDF00817480 /* Sources */,
				2E42948B28483FDF00817480 /* Frameworks */,
				2E42948C28483FDF00817480 /* Resources */,
			);
			buildRules = (
			);
			dependencies = (
				2E42949028483FDF00817480 /* PBXTargetDependency */,
			);
			name = MySolWalletTests;
			productName = MySolWalletTests;
			productReference = 2E42948E28483FDF00817480 /* MySolWalletTests.xctest */;
			productType = "com.apple.product-type.bundle.unit-test";
		};
/* End PBXNativeTarget section */

/* Begin PBXProject section */
		2E42947628483FDD00817480 /* Project object */ = {
			isa = PBXProject;
			attributes = {
				BuildIndependentTargetsInParallel = 1;
				LastSwiftUpdateCheck = 1340;
				LastUpgradeCheck = 1520;
				TargetAttributes = {
					2E42947D28483FDD00817480 = {
						CreatedOnToolsVersion = 13.4;
					};
					2E42948D28483FDF00817480 = {
						CreatedOnToolsVersion = 13.4;
						TestTargetID = 2E42947D28483FDD00817480;
					};
				};
			};
			buildConfigurationList = 2E42947928483FDD00817480 /* Build configuration list for PBXProject "MySolWallet" */;
			compatibilityVersion = "Xcode 13.0";
			developmentRegion = en;
			hasScannedForEncodings = 0;
			knownRegions = (
				en,
				Base,
			);
			mainGroup = 2E42947528483FDD00817480;
			packageReferences = (
				2E1DBE872B5DE95500970E48 /* XCRemoteSwiftPackageReference "solana-swift" */,
			);
			productRefGroup = 2E42947F28483FDD00817480 /* Products */;
			projectDirPath = "";
			projectRoot = "";
			targets = (
				2E42947D28483FDD00817480 /* MySolWallet */,
				2E42948D28483FDF00817480 /* MySolWalletTests */,
			);
		};
/* End PBXProject section */

/* Begin PBXResourcesBuildPhase section */
		2E42947C28483FDD00817480 /* Resources */ = {
			isa = PBXResourcesBuildPhase;
			buildActionMask = 2147483647;
			files = (
				2E42948928483FDF00817480 /* Preview Assets.xcassets in Resources */,
				2E42948628483FDF00817480 /* Assets.xcassets in Resources */,
			);
			runOnlyForDeploymentPostprocessing = 0;
		};
		2E42948C28483FDF00817480 /* Resources */ = {
			isa = PBXResourcesBuildPhase;
			buildActionMask = 2147483647;
			files = (
			);
			runOnlyForDeploymentPostprocessing = 0;
		};
/* End PBXResourcesBuildPhase section */

/* Begin PBXSourcesBuildPhase section */
		2E42947A28483FDD00817480 /* Sources */ = {
			isa = PBXSourcesBuildPhase;
			buildActionMask = 2147483647;
			files = (
				2E917D1429EFD93200B578FA /* TransactionUIAdapter.swift in Sources */,
				2E42948228483FDD00817480 /* MySolWalletApp.swift in Sources */,
				2E7E4AE62B7B02B60057B344 /* BalanceStoreMapper.swift in Sources */,
				2E0900F729ADAE1F00865E30 /* PublicKeyStoreMapper.swift in Sources */,
				2E9FF53429F87036002989EF /* MainWalletCreator.swift in Sources */,
				2EF68C8D299F5CB100969DE5 /* iOSSwiftUINavigationAdapter.swift in Sources */,
				2E9FF53F29FF24C0002989EF /* MainAppStore.swift in Sources */,
				2E7E4AE42B7B025A0057B344 /* BalanceUIAdapter.swift in Sources */,
				2E0900F529ADA75700865E30 /* SeedStoreMapper.swift in Sources */,
				2EF75C2129CBC89D001E3DA7 /* SeedBankHelpers.swift in Sources */,
				2E80F38B29A200DC00A4053C /* MainAppNavigationView.swift in Sources */,
				2E09010D29B3104500865E30 /* PublicKeyUIAdapter.swift in Sources */,
				2EAEF0EC297A5C1C00091A49 /* CombineHelpers.swift in Sources */,
				2E9FF53629F88A6D002989EF /* NullCreator.swift in Sources */,
				2E09010329B00AED00865E30 /* SeedUIAdapter.swift in Sources */,
				2E0900FC29ADB16D00865E30 /* TransactionStoreMapper.swift in Sources */,
				2E4899B329F4A738004734B9 /* NullStore.swift in Sources */,
			);
			runOnlyForDeploymentPostprocessing = 0;
		};
		2E42948A28483FDF00817480 /* Sources */ = {
			isa = PBXSourcesBuildPhase;
			buildActionMask = 2147483647;
			files = (
				2E42949328483FDF00817480 /* MySolWalletTests.swift in Sources */,
			);
			runOnlyForDeploymentPostprocessing = 0;
		};
/* End PBXSourcesBuildPhase section */

/* Begin PBXTargetDependency section */
		2E42949028483FDF00817480 /* PBXTargetDependency */ = {
			isa = PBXTargetDependency;
			target = 2E42947D28483FDD00817480 /* MySolWallet */;
			targetProxy = 2E42948F28483FDF00817480 /* PBXContainerItemProxy */;
		};
/* End PBXTargetDependency section */

/* Begin XCBuildConfiguration section */
		2E4294A028483FDF00817480 /* Debug */ = {
			isa = XCBuildConfiguration;
			buildSettings = {
				ALWAYS_SEARCH_USER_PATHS = NO;
				CLANG_ANALYZER_NONNULL = YES;
				CLANG_ANALYZER_NUMBER_OBJECT_CONVERSION = YES_AGGRESSIVE;
				CLANG_CXX_LANGUAGE_STANDARD = "gnu++17";
				CLANG_ENABLE_MODULES = YES;
				CLANG_ENABLE_OBJC_ARC = YES;
				CLANG_ENABLE_OBJC_WEAK = YES;
				CLANG_WARN_BLOCK_CAPTURE_AUTORELEASING = YES;
				CLANG_WARN_BOOL_CONVERSION = YES;
				CLANG_WARN_COMMA = YES;
				CLANG_WARN_CONSTANT_CONVERSION = YES;
				CLANG_WARN_DEPRECATED_OBJC_IMPLEMENTATIONS = YES;
				CLANG_WARN_DIRECT_OBJC_ISA_USAGE = YES_ERROR;
				CLANG_WARN_DOCUMENTATION_COMMENTS = YES;
				CLANG_WARN_EMPTY_BODY = YES;
				CLANG_WARN_ENUM_CONVERSION = YES;
				CLANG_WARN_INFINITE_RECURSION = YES;
				CLANG_WARN_INT_CONVERSION = YES;
				CLANG_WARN_NON_LITERAL_NULL_CONVERSION = YES;
				CLANG_WARN_OBJC_IMPLICIT_RETAIN_SELF = YES;
				CLANG_WARN_OBJC_LITERAL_CONVERSION = YES;
				CLANG_WARN_OBJC_ROOT_CLASS = YES_ERROR;
				CLANG_WARN_QUOTED_INCLUDE_IN_FRAMEWORK_HEADER = YES;
				CLANG_WARN_RANGE_LOOP_ANALYSIS = YES;
				CLANG_WARN_STRICT_PROTOTYPES = YES;
				CLANG_WARN_SUSPICIOUS_MOVE = YES;
				CLANG_WARN_UNGUARDED_AVAILABILITY = YES_AGGRESSIVE;
				CLANG_WARN_UNREACHABLE_CODE = YES;
				CLANG_WARN__DUPLICATE_METHOD_MATCH = YES;
				CODE_SIGN_IDENTITY = "iPhone Distribution";
				CODE_SIGN_STYLE = Automatic;
				COPY_PHASE_STRIP = NO;
				DEBUG_INFORMATION_FORMAT = dwarf;
				DEVELOPMENT_TEAM = 9DGMQB3935;
				ENABLE_STRICT_OBJC_MSGSEND = YES;
				ENABLE_TESTABILITY = YES;
				ENABLE_USER_SCRIPT_SANDBOXING = YES;
				GCC_C_LANGUAGE_STANDARD = gnu11;
				GCC_DYNAMIC_NO_PIC = NO;
				GCC_NO_COMMON_BLOCKS = YES;
				GCC_OPTIMIZATION_LEVEL = 0;
				GCC_PREPROCESSOR_DEFINITIONS = (
					"DEBUG=1",
					"$(inherited)",
				);
				GCC_WARN_64_TO_32_BIT_CONVERSION = YES;
				GCC_WARN_ABOUT_RETURN_TYPE = YES_ERROR;
				GCC_WARN_UNDECLARED_SELECTOR = YES;
				GCC_WARN_UNINITIALIZED_AUTOS = YES_AGGRESSIVE;
				GCC_WARN_UNUSED_FUNCTION = YES;
				GCC_WARN_UNUSED_VARIABLE = YES;
				IPHONEOS_DEPLOYMENT_TARGET = 16.4;
				MTL_ENABLE_DEBUG_INFO = INCLUDE_SOURCE;
				MTL_FAST_MATH = YES;
				ONLY_ACTIVE_ARCH = YES;
				SDKROOT = iphoneos;
				SWIFT_ACTIVE_COMPILATION_CONDITIONS = DEBUG;
				SWIFT_OPTIMIZATION_LEVEL = "-Onone";
			};
			name = Debug;
		};
		2E4294A128483FDF00817480 /* Release */ = {
			isa = XCBuildConfiguration;
			buildSettings = {
				ALWAYS_SEARCH_USER_PATHS = NO;
				CLANG_ANALYZER_NONNULL = YES;
				CLANG_ANALYZER_NUMBER_OBJECT_CONVERSION = YES_AGGRESSIVE;
				CLANG_CXX_LANGUAGE_STANDARD = "gnu++17";
				CLANG_ENABLE_MODULES = YES;
				CLANG_ENABLE_OBJC_ARC = YES;
				CLANG_ENABLE_OBJC_WEAK = YES;
				CLANG_WARN_BLOCK_CAPTURE_AUTORELEASING = YES;
				CLANG_WARN_BOOL_CONVERSION = YES;
				CLANG_WARN_COMMA = YES;
				CLANG_WARN_CONSTANT_CONVERSION = YES;
				CLANG_WARN_DEPRECATED_OBJC_IMPLEMENTATIONS = YES;
				CLANG_WARN_DIRECT_OBJC_ISA_USAGE = YES_ERROR;
				CLANG_WARN_DOCUMENTATION_COMMENTS = YES;
				CLANG_WARN_EMPTY_BODY = YES;
				CLANG_WARN_ENUM_CONVERSION = YES;
				CLANG_WARN_INFINITE_RECURSION = YES;
				CLANG_WARN_INT_CONVERSION = YES;
				CLANG_WARN_NON_LITERAL_NULL_CONVERSION = YES;
				CLANG_WARN_OBJC_IMPLICIT_RETAIN_SELF = YES;
				CLANG_WARN_OBJC_LITERAL_CONVERSION = YES;
				CLANG_WARN_OBJC_ROOT_CLASS = YES_ERROR;
				CLANG_WARN_QUOTED_INCLUDE_IN_FRAMEWORK_HEADER = YES;
				CLANG_WARN_RANGE_LOOP_ANALYSIS = YES;
				CLANG_WARN_STRICT_PROTOTYPES = YES;
				CLANG_WARN_SUSPICIOUS_MOVE = YES;
				CLANG_WARN_UNGUARDED_AVAILABILITY = YES_AGGRESSIVE;
				CLANG_WARN_UNREACHABLE_CODE = YES;
				CLANG_WARN__DUPLICATE_METHOD_MATCH = YES;
				CODE_SIGN_IDENTITY = "iPhone Distribution";
				CODE_SIGN_STYLE = Manual;
				COPY_PHASE_STRIP = NO;
				DEBUG_INFORMATION_FORMAT = "dwarf-with-dsym";
				DEVELOPMENT_TEAM = 9DGMQB3935;
				ENABLE_NS_ASSERTIONS = NO;
				ENABLE_STRICT_OBJC_MSGSEND = YES;
				ENABLE_USER_SCRIPT_SANDBOXING = YES;
				GCC_C_LANGUAGE_STANDARD = gnu11;
				GCC_NO_COMMON_BLOCKS = YES;
				GCC_WARN_64_TO_32_BIT_CONVERSION = YES;
				GCC_WARN_ABOUT_RETURN_TYPE = YES_ERROR;
				GCC_WARN_UNDECLARED_SELECTOR = YES;
				GCC_WARN_UNINITIALIZED_AUTOS = YES_AGGRESSIVE;
				GCC_WARN_UNUSED_FUNCTION = YES;
				GCC_WARN_UNUSED_VARIABLE = YES;
				IPHONEOS_DEPLOYMENT_TARGET = 16.4;
				MTL_ENABLE_DEBUG_INFO = NO;
				MTL_FAST_MATH = YES;
				SDKROOT = iphoneos;
				SWIFT_COMPILATION_MODE = wholemodule;
				SWIFT_OPTIMIZATION_LEVEL = "-O";
				VALIDATE_PRODUCT = YES;
			};
			name = Release;
		};
		2E4294A328483FDF00817480 /* Debug */ = {
			isa = XCBuildConfiguration;
			buildSettings = {
				ASSETCATALOG_COMPILER_APPICON_NAME = AppIcon;
				ASSETCATALOG_COMPILER_GLOBAL_ACCENT_COLOR_NAME = AccentColor;
				CODE_SIGN_ENTITLEMENTS = MySolWallet/MySolWallet.entitlements;
				CODE_SIGN_IDENTITY = "Apple Development";
				CODE_SIGN_STYLE = Automatic;
				CURRENT_PROJECT_VERSION = 1;
				DEVELOPMENT_ASSET_PATHS = "\"MySolWallet/Preview Content\"";
				DEVELOPMENT_TEAM = 9DGMQB3935;
				ENABLE_PREVIEWS = YES;
				GENERATE_INFOPLIST_FILE = YES;
				INFOPLIST_FILE = MySolWallet/Info.plist;
				INFOPLIST_KEY_CFBundleDisplayName = Tr4ea;
				INFOPLIST_KEY_LSApplicationCategoryType = "public.app-category.finance";
				INFOPLIST_KEY_UIApplicationSceneManifest_Generation = YES;
				INFOPLIST_KEY_UIApplicationSupportsIndirectInputEvents = YES;
				INFOPLIST_KEY_UILaunchScreen_Generation = YES;
				INFOPLIST_KEY_UISupportedInterfaceOrientations = UIInterfaceOrientationPortrait;
				IPHONEOS_DEPLOYMENT_TARGET = 16.4;
				LD_RUNPATH_SEARCH_PATHS = (
					"$(inherited)",
					"@executable_path/Frameworks",
				);
				MARKETING_VERSION = 1.0;
				PRODUCT_BUNDLE_IDENTIFIER = com.deniztutuncu.MySolWallet;
				PRODUCT_NAME = "$(TARGET_NAME)";
				PROVISIONING_PROFILE_SPECIFIER = "";
				SUPPORTED_PLATFORMS = "iphoneos iphonesimulator";
				SUPPORTS_MACCATALYST = NO;
				SUPPORTS_MAC_DESIGNED_FOR_IPHONE_IPAD = YES;
				SWIFT_EMIT_LOC_STRINGS = YES;
				SWIFT_VERSION = 5.0;
				TARGETED_DEVICE_FAMILY = "1,2";
			};
			name = Debug;
		};
		2E4294A428483FDF00817480 /* Release */ = {
			isa = XCBuildConfiguration;
			buildSettings = {
				ASSETCATALOG_COMPILER_APPICON_NAME = AppIcon;
				ASSETCATALOG_COMPILER_GLOBAL_ACCENT_COLOR_NAME = AccentColor;
				CODE_SIGN_ENTITLEMENTS = MySolWallet/MySolWallet.entitlements;
				CODE_SIGN_IDENTITY = "iPhone Distribution";
				CODE_SIGN_STYLE = Manual;
				CURRENT_PROJECT_VERSION = 1;
				DEVELOPMENT_ASSET_PATHS = "\"MySolWallet/Preview Content\"";
				DEVELOPMENT_TEAM = 9DGMQB3935;
				ENABLE_PREVIEWS = YES;
				GENERATE_INFOPLIST_FILE = YES;
				INFOPLIST_FILE = MySolWallet/Info.plist;
				INFOPLIST_KEY_CFBundleDisplayName = Tr4ea;
				INFOPLIST_KEY_LSApplicationCategoryType = "public.app-category.finance";
				INFOPLIST_KEY_UIApplicationSceneManifest_Generation = YES;
				INFOPLIST_KEY_UIApplicationSupportsIndirectInputEvents = YES;
				INFOPLIST_KEY_UILaunchScreen_Generation = YES;
				INFOPLIST_KEY_UISupportedInterfaceOrientations = UIInterfaceOrientationPortrait;
				IPHONEOS_DEPLOYMENT_TARGET = 16.4;
				LD_RUNPATH_SEARCH_PATHS = (
					"$(inherited)",
					"@executable_path/Frameworks",
				);
				MARKETING_VERSION = 1.0;
				PRODUCT_BUNDLE_IDENTIFIER = com.deniztutuncu.MySolWallet;
				PRODUCT_NAME = "$(TARGET_NAME)";
				PROVISIONING_PROFILE_SPECIFIER = MySolWalletApp;
				SUPPORTED_PLATFORMS = "iphoneos iphonesimulator";
				SUPPORTS_MACCATALYST = NO;
				SUPPORTS_MAC_DESIGNED_FOR_IPHONE_IPAD = YES;
				SWIFT_EMIT_LOC_STRINGS = YES;
				SWIFT_VERSION = 5.0;
				TARGETED_DEVICE_FAMILY = "1,2";
			};
			name = Release;
		};
		2E4294A628483FDF00817480 /* Debug */ = {
			isa = XCBuildConfiguration;
			buildSettings = {
				ALWAYS_EMBED_SWIFT_STANDARD_LIBRARIES = YES;
				BUNDLE_LOADER = "$(TEST_HOST)";
				"CODE_SIGN_IDENTITY[sdk=iphoneos*]" = "Apple Development";
				CODE_SIGN_STYLE = Manual;
				CURRENT_PROJECT_VERSION = 1;
				DEVELOPMENT_TEAM = "";
				"DEVELOPMENT_TEAM[sdk=iphoneos*]" = 9DGMQB3935;
				GENERATE_INFOPLIST_FILE = YES;
				IPHONEOS_DEPLOYMENT_TARGET = 16.4;
				MARKETING_VERSION = 1.0;
				PRODUCT_BUNDLE_IDENTIFIER = com.deniztutuncu.MySolWalletTests;
				PRODUCT_NAME = "$(TARGET_NAME)";
				PROVISIONING_PROFILE_SPECIFIER = "";
				"PROVISIONING_PROFILE_SPECIFIER[sdk=iphoneos*]" = "";
				SUPPORTED_PLATFORMS = "iphoneos iphonesimulator";
				SUPPORTS_MACCATALYST = NO;
				SUPPORTS_MAC_DESIGNED_FOR_IPHONE_IPAD = YES;
				SWIFT_EMIT_LOC_STRINGS = NO;
				SWIFT_VERSION = 5.0;
				TARGETED_DEVICE_FAMILY = 1;
				TEST_HOST = "$(BUILT_PRODUCTS_DIR)/MySolWallet.app/MySolWallet";
			};
			name = Debug;
		};
		2E4294A728483FDF00817480 /* Release */ = {
			isa = XCBuildConfiguration;
			buildSettings = {
				ALWAYS_EMBED_SWIFT_STANDARD_LIBRARIES = YES;
				BUNDLE_LOADER = "$(TEST_HOST)";
				CODE_SIGN_STYLE = Manual;
				CURRENT_PROJECT_VERSION = 1;
				DEVELOPMENT_TEAM = "";
				"DEVELOPMENT_TEAM[sdk=iphoneos*]" = 9DGMQB3935;
				GENERATE_INFOPLIST_FILE = YES;
				IPHONEOS_DEPLOYMENT_TARGET = 16.4;
				MARKETING_VERSION = 1.0;
				PRODUCT_BUNDLE_IDENTIFIER = com.deniztutuncu.MySolWalletTests;
				PRODUCT_NAME = "$(TARGET_NAME)";
				PROVISIONING_PROFILE_SPECIFIER = "";
				SUPPORTED_PLATFORMS = "iphoneos iphonesimulator";
				SUPPORTS_MACCATALYST = NO;
				SUPPORTS_MAC_DESIGNED_FOR_IPHONE_IPAD = YES;
				SWIFT_EMIT_LOC_STRINGS = NO;
				SWIFT_VERSION = 5.0;
				TARGETED_DEVICE_FAMILY = 1;
				TEST_HOST = "$(BUILT_PRODUCTS_DIR)/MySolWallet.app/MySolWallet";
			};
			name = Release;
		};
/* End XCBuildConfiguration section */

/* Begin XCConfigurationList section */
		2E42947928483FDD00817480 /* Build configuration list for PBXProject "MySolWallet" */ = {
			isa = XCConfigurationList;
			buildConfigurations = (
				2E4294A028483FDF00817480 /* Debug */,
				2E4294A128483FDF00817480 /* Release */,
			);
			defaultConfigurationIsVisible = 0;
			defaultConfigurationName = Release;
		};
		2E4294A228483FDF00817480 /* Build configuration list for PBXNativeTarget "MySolWallet" */ = {
			isa = XCConfigurationList;
			buildConfigurations = (
				2E4294A328483FDF00817480 /* Debug */,
				2E4294A428483FDF00817480 /* Release */,
			);
			defaultConfigurationIsVisible = 0;
			defaultConfigurationName = Release;
		};
		2E4294A528483FDF00817480 /* Build configuration list for PBXNativeTarget "MySolWalletTests" */ = {
			isa = XCConfigurationList;
			buildConfigurations = (
				2E4294A628483FDF00817480 /* Debug */,
				2E4294A728483FDF00817480 /* Release */,
			);
			defaultConfigurationIsVisible = 0;
			defaultConfigurationName = Release;
		};
/* End XCConfigurationList section */

/* Begin XCRemoteSwiftPackageReference section */
		2E1DBE872B5DE95500970E48 /* XCRemoteSwiftPackageReference "solana-swift" */ = {
			isa = XCRemoteSwiftPackageReference;
			repositoryURL = "https://github.com/p2p-org/solana-swift";
			requirement = {
				kind = exactVersion;
				version = 4.0.0;
			};
		};
/* End XCRemoteSwiftPackageReference section */

/* Begin XCSwiftPackageProductDependency section */
		2E1DBE882B5DE95500970E48 /* SolanaSwift */ = {
			isa = XCSwiftPackageProductDependency;
			package = 2E1DBE872B5DE95500970E48 /* XCRemoteSwiftPackageReference "solana-swift" */;
			productName = SolanaSwift;
		};
/* End XCSwiftPackageProductDependency section */
	};
	rootObject = 2E42947628483FDD00817480 /* Project object */;
}
