// !$*UTF8*$!
{
	archiveVersion = 1;
	classes = {
	};
	objectVersion = 55;
	objects = {

/* Begin PBXBuildFile section */
		2E9B099528483A2200F450C8 /* SolanaAppApp.swift in Sources */ = {isa = PBXBuildFile; fileRef = 2E9B099428483A2200F450C8 /* SolanaAppApp.swift */; };
		2E9B099728483A2200F450C8 /* ContentView.swift in Sources */ = {isa = PBXBuildFile; fileRef = 2E9B099628483A2200F450C8 /* ContentView.swift */; };
		2E9B099928483A2300F450C8 /* Assets.xcassets in Resources */ = {isa = PBXBuildFile; fileRef = 2E9B099828483A2300F450C8 /* Assets.xcassets */; };
		2E9B099C28483A2300F450C8 /* Preview Assets.xcassets in Resources */ = {isa = PBXBuildFile; fileRef = 2E9B099B28483A2300F450C8 /* Preview Assets.xcassets */; };
		2E9B09A628483A2400F450C8 /* SolanaAppTests.swift in Sources */ = {isa = PBXBuildFile; fileRef = 2E9B09A528483A2400F450C8 /* SolanaAppTests.swift */; };
		2E9B09B028483A2400F450C8 /* SolanaAppUITests.swift in Sources */ = {isa = PBXBuildFile; fileRef = 2E9B09AF28483A2400F450C8 /* SolanaAppUITests.swift */; };
		2E9B09B228483A2400F450C8 /* SolanaAppUITestsLaunchTests.swift in Sources */ = {isa = PBXBuildFile; fileRef = 2E9B09B128483A2400F450C8 /* SolanaAppUITestsLaunchTests.swift */; };
/* End PBXBuildFile section */

/* Begin PBXContainerItemProxy section */
		2E9B09A228483A2400F450C8 /* PBXContainerItemProxy */ = {
			isa = PBXContainerItemProxy;
			containerPortal = 2E9B098928483A2200F450C8 /* Project object */;
			proxyType = 1;
			remoteGlobalIDString = 2E9B099028483A2200F450C8;
			remoteInfo = SolanaApp;
		};
		2E9B09AC28483A2400F450C8 /* PBXContainerItemProxy */ = {
			isa = PBXContainerItemProxy;
			containerPortal = 2E9B098928483A2200F450C8 /* Project object */;
			proxyType = 1;
			remoteGlobalIDString = 2E9B099028483A2200F450C8;
			remoteInfo = SolanaApp;
		};
/* End PBXContainerItemProxy section */

/* Begin PBXFileReference section */
		2E9B099128483A2200F450C8 /* SolanaApp.app */ = {isa = PBXFileReference; explicitFileType = wrapper.application; includeInIndex = 0; path = SolanaApp.app; sourceTree = BUILT_PRODUCTS_DIR; };
		2E9B099428483A2200F450C8 /* SolanaAppApp.swift */ = {isa = PBXFileReference; lastKnownFileType = sourcecode.swift; path = SolanaAppApp.swift; sourceTree = "<group>"; };
		2E9B099628483A2200F450C8 /* ContentView.swift */ = {isa = PBXFileReference; lastKnownFileType = sourcecode.swift; path = ContentView.swift; sourceTree = "<group>"; };
		2E9B099828483A2300F450C8 /* Assets.xcassets */ = {isa = PBXFileReference; lastKnownFileType = folder.assetcatalog; path = Assets.xcassets; sourceTree = "<group>"; };
		2E9B099B28483A2300F450C8 /* Preview Assets.xcassets */ = {isa = PBXFileReference; lastKnownFileType = folder.assetcatalog; path = "Preview Assets.xcassets"; sourceTree = "<group>"; };
		2E9B09A128483A2400F450C8 /* SolanaAppTests.xctest */ = {isa = PBXFileReference; explicitFileType = wrapper.cfbundle; includeInIndex = 0; path = SolanaAppTests.xctest; sourceTree = BUILT_PRODUCTS_DIR; };
		2E9B09A528483A2400F450C8 /* SolanaAppTests.swift */ = {isa = PBXFileReference; lastKnownFileType = sourcecode.swift; path = SolanaAppTests.swift; sourceTree = "<group>"; };
		2E9B09AB28483A2400F450C8 /* SolanaAppUITests.xctest */ = {isa = PBXFileReference; explicitFileType = wrapper.cfbundle; includeInIndex = 0; path = SolanaAppUITests.xctest; sourceTree = BUILT_PRODUCTS_DIR; };
		2E9B09AF28483A2400F450C8 /* SolanaAppUITests.swift */ = {isa = PBXFileReference; lastKnownFileType = sourcecode.swift; path = SolanaAppUITests.swift; sourceTree = "<group>"; };
		2E9B09B128483A2400F450C8 /* SolanaAppUITestsLaunchTests.swift */ = {isa = PBXFileReference; lastKnownFileType = sourcecode.swift; path = SolanaAppUITestsLaunchTests.swift; sourceTree = "<group>"; };
/* End PBXFileReference section */

/* Begin PBXFrameworksBuildPhase section */
		2E9B098E28483A2200F450C8 /* Frameworks */ = {
			isa = PBXFrameworksBuildPhase;
			buildActionMask = 2147483647;
			files = (
			);
			runOnlyForDeploymentPostprocessing = 0;
		};
		2E9B099E28483A2400F450C8 /* Frameworks */ = {
			isa = PBXFrameworksBuildPhase;
			buildActionMask = 2147483647;
			files = (
			);
			runOnlyForDeploymentPostprocessing = 0;
		};
		2E9B09A828483A2400F450C8 /* Frameworks */ = {
			isa = PBXFrameworksBuildPhase;
			buildActionMask = 2147483647;
			files = (
			);
			runOnlyForDeploymentPostprocessing = 0;
		};
/* End PBXFrameworksBuildPhase section */

/* Begin PBXGroup section */
		2E9B098828483A2200F450C8 = {
			isa = PBXGroup;
			children = (
				2E9B099328483A2200F450C8 /* SolanaApp */,
				2E9B09A428483A2400F450C8 /* SolanaAppTests */,
				2E9B09AE28483A2400F450C8 /* SolanaAppUITests */,
				2E9B099228483A2200F450C8 /* Products */,
			);
			sourceTree = "<group>";
		};
		2E9B099228483A2200F450C8 /* Products */ = {
			isa = PBXGroup;
			children = (
				2E9B099128483A2200F450C8 /* SolanaApp.app */,
				2E9B09A128483A2400F450C8 /* SolanaAppTests.xctest */,
				2E9B09AB28483A2400F450C8 /* SolanaAppUITests.xctest */,
			);
			name = Products;
			sourceTree = "<group>";
		};
		2E9B099328483A2200F450C8 /* SolanaApp */ = {
			isa = PBXGroup;
			children = (
				2E9B099428483A2200F450C8 /* SolanaAppApp.swift */,
				2E9B099628483A2200F450C8 /* ContentView.swift */,
				2E9B099828483A2300F450C8 /* Assets.xcassets */,
				2E9B099A28483A2300F450C8 /* Preview Content */,
			);
			path = SolanaApp;
			sourceTree = "<group>";
		};
		2E9B099A28483A2300F450C8 /* Preview Content */ = {
			isa = PBXGroup;
			children = (
				2E9B099B28483A2300F450C8 /* Preview Assets.xcassets */,
			);
			path = "Preview Content";
			sourceTree = "<group>";
		};
		2E9B09A428483A2400F450C8 /* SolanaAppTests */ = {
			isa = PBXGroup;
			children = (
				2E9B09A528483A2400F450C8 /* SolanaAppTests.swift */,
			);
			path = SolanaAppTests;
			sourceTree = "<group>";
		};
		2E9B09AE28483A2400F450C8 /* SolanaAppUITests */ = {
			isa = PBXGroup;
			children = (
				2E9B09AF28483A2400F450C8 /* SolanaAppUITests.swift */,
				2E9B09B128483A2400F450C8 /* SolanaAppUITestsLaunchTests.swift */,
			);
			path = SolanaAppUITests;
			sourceTree = "<group>";
		};
/* End PBXGroup section */

/* Begin PBXNativeTarget section */
		2E9B099028483A2200F450C8 /* SolanaApp */ = {
			isa = PBXNativeTarget;
			buildConfigurationList = 2E9B09B528483A2400F450C8 /* Build configuration list for PBXNativeTarget "SolanaApp" */;
			buildPhases = (
				2E9B098D28483A2200F450C8 /* Sources */,
				2E9B098E28483A2200F450C8 /* Frameworks */,
				2E9B098F28483A2200F450C8 /* Resources */,
			);
			buildRules = (
			);
			dependencies = (
			);
			name = SolanaApp;
			productName = SolanaApp;
			productReference = 2E9B099128483A2200F450C8 /* SolanaApp.app */;
			productType = "com.apple.product-type.application";
		};
		2E9B09A028483A2400F450C8 /* SolanaAppTests */ = {
			isa = PBXNativeTarget;
			buildConfigurationList = 2E9B09B828483A2400F450C8 /* Build configuration list for PBXNativeTarget "SolanaAppTests" */;
			buildPhases = (
				2E9B099D28483A2400F450C8 /* Sources */,
				2E9B099E28483A2400F450C8 /* Frameworks */,
				2E9B099F28483A2400F450C8 /* Resources */,
			);
			buildRules = (
			);
			dependencies = (
				2E9B09A328483A2400F450C8 /* PBXTargetDependency */,
			);
			name = SolanaAppTests;
			productName = SolanaAppTests;
			productReference = 2E9B09A128483A2400F450C8 /* SolanaAppTests.xctest */;
			productType = "com.apple.product-type.bundle.unit-test";
		};
		2E9B09AA28483A2400F450C8 /* SolanaAppUITests */ = {
			isa = PBXNativeTarget;
			buildConfigurationList = 2E9B09BB28483A2400F450C8 /* Build configuration list for PBXNativeTarget "SolanaAppUITests" */;
			buildPhases = (
				2E9B09A728483A2400F450C8 /* Sources */,
				2E9B09A828483A2400F450C8 /* Frameworks */,
				2E9B09A928483A2400F450C8 /* Resources */,
			);
			buildRules = (
			);
			dependencies = (
				2E9B09AD28483A2400F450C8 /* PBXTargetDependency */,
			);
			name = SolanaAppUITests;
			productName = SolanaAppUITests;
			productReference = 2E9B09AB28483A2400F450C8 /* SolanaAppUITests.xctest */;
			productType = "com.apple.product-type.bundle.ui-testing";
		};
/* End PBXNativeTarget section */

/* Begin PBXProject section */
		2E9B098928483A2200F450C8 /* Project object */ = {
			isa = PBXProject;
			attributes = {
				BuildIndependentTargetsInParallel = 1;
				LastSwiftUpdateCheck = 1340;
				LastUpgradeCheck = 1340;
				TargetAttributes = {
					2E9B099028483A2200F450C8 = {
						CreatedOnToolsVersion = 13.4;
					};
					2E9B09A028483A2400F450C8 = {
						CreatedOnToolsVersion = 13.4;
						TestTargetID = 2E9B099028483A2200F450C8;
					};
					2E9B09AA28483A2400F450C8 = {
						CreatedOnToolsVersion = 13.4;
						TestTargetID = 2E9B099028483A2200F450C8;
					};
				};
			};
			buildConfigurationList = 2E9B098C28483A2200F450C8 /* Build configuration list for PBXProject "SolanaApp" */;
			compatibilityVersion = "Xcode 13.0";
			developmentRegion = en;
			hasScannedForEncodings = 0;
			knownRegions = (
				en,
				Base,
			);
			mainGroup = 2E9B098828483A2200F450C8;
			productRefGroup = 2E9B099228483A2200F450C8 /* Products */;
			projectDirPath = "";
			projectRoot = "";
			targets = (
				2E9B099028483A2200F450C8 /* SolanaApp */,
				2E9B09A028483A2400F450C8 /* SolanaAppTests */,
				2E9B09AA28483A2400F450C8 /* SolanaAppUITests */,
			);
		};
/* End PBXProject section */

/* Begin PBXResourcesBuildPhase section */
		2E9B098F28483A2200F450C8 /* Resources */ = {
			isa = PBXResourcesBuildPhase;
			buildActionMask = 2147483647;
			files = (
				2E9B099C28483A2300F450C8 /* Preview Assets.xcassets in Resources */,
				2E9B099928483A2300F450C8 /* Assets.xcassets in Resources */,
			);
			runOnlyForDeploymentPostprocessing = 0;
		};
		2E9B099F28483A2400F450C8 /* Resources */ = {
			isa = PBXResourcesBuildPhase;
			buildActionMask = 2147483647;
			files = (
			);
			runOnlyForDeploymentPostprocessing = 0;
		};
		2E9B09A928483A2400F450C8 /* Resources */ = {
			isa = PBXResourcesBuildPhase;
			buildActionMask = 2147483647;
			files = (
			);
			runOnlyForDeploymentPostprocessing = 0;
		};
/* End PBXResourcesBuildPhase section */

/* Begin PBXSourcesBuildPhase section */
		2E9B098D28483A2200F450C8 /* Sources */ = {
			isa = PBXSourcesBuildPhase;
			buildActionMask = 2147483647;
			files = (
				2E9B099728483A2200F450C8 /* ContentView.swift in Sources */,
				2E9B099528483A2200F450C8 /* SolanaAppApp.swift in Sources */,
			);
			runOnlyForDeploymentPostprocessing = 0;
		};
		2E9B099D28483A2400F450C8 /* Sources */ = {
			isa = PBXSourcesBuildPhase;
			buildActionMask = 2147483647;
			files = (
				2E9B09A628483A2400F450C8 /* SolanaAppTests.swift in Sources */,
			);
			runOnlyForDeploymentPostprocessing = 0;
		};
		2E9B09A728483A2400F450C8 /* Sources */ = {
			isa = PBXSourcesBuildPhase;
			buildActionMask = 2147483647;
			files = (
				2E9B09B228483A2400F450C8 /* SolanaAppUITestsLaunchTests.swift in Sources */,
				2E9B09B028483A2400F450C8 /* SolanaAppUITests.swift in Sources */,
			);
			runOnlyForDeploymentPostprocessing = 0;
		};
/* End PBXSourcesBuildPhase section */

/* Begin PBXTargetDependency section */
		2E9B09A328483A2400F450C8 /* PBXTargetDependency */ = {
			isa = PBXTargetDependency;
			target = 2E9B099028483A2200F450C8 /* SolanaApp */;
			targetProxy = 2E9B09A228483A2400F450C8 /* PBXContainerItemProxy */;
		};
		2E9B09AD28483A2400F450C8 /* PBXTargetDependency */ = {
			isa = PBXTargetDependency;
			target = 2E9B099028483A2200F450C8 /* SolanaApp */;
			targetProxy = 2E9B09AC28483A2400F450C8 /* PBXContainerItemProxy */;
		};
/* End PBXTargetDependency section */

/* Begin XCBuildConfiguration section */
		2E9B09B328483A2400F450C8 /* Debug */ = {
			isa = XCBuildConfiguration;
			buildSettings = {
				ALWAYS_SEARCH_USER_PATHS = NO;
				CLANG_ANALYZER_NONNULL = YES;
				CLANG_ANALYZER_NUMBER_OBJECT_CONVERSION = YES_AGGRESSIVE;
				CLANG_CXX_LANGUAGE_STANDARD = "gnu++17";
				CLANG_ENABLE_MODULES = YES;
				CLANG_ENABLE_OBJC_ARC = YES;
				CLANG_ENABLE_OBJC_WEAK = YES;
				CLANG_WARN_BLOCK_CAPTURE_AUTORELEASING = YES;
				CLANG_WARN_BOOL_CONVERSION = YES;
				CLANG_WARN_COMMA = YES;
				CLANG_WARN_CONSTANT_CONVERSION = YES;
				CLANG_WARN_DEPRECATED_OBJC_IMPLEMENTATIONS = YES;
				CLANG_WARN_DIRECT_OBJC_ISA_USAGE = YES_ERROR;
				CLANG_WARN_DOCUMENTATION_COMMENTS = YES;
				CLANG_WARN_EMPTY_BODY = YES;
				CLANG_WARN_ENUM_CONVERSION = YES;
				CLANG_WARN_INFINITE_RECURSION = YES;
				CLANG_WARN_INT_CONVERSION = YES;
				CLANG_WARN_NON_LITERAL_NULL_CONVERSION = YES;
				CLANG_WARN_OBJC_IMPLICIT_RETAIN_SELF = YES;
				CLANG_WARN_OBJC_LITERAL_CONVERSION = YES;
				CLANG_WARN_OBJC_ROOT_CLASS = YES_ERROR;
				CLANG_WARN_QUOTED_INCLUDE_IN_FRAMEWORK_HEADER = YES;
				CLANG_WARN_RANGE_LOOP_ANALYSIS = YES;
				CLANG_WARN_STRICT_PROTOTYPES = YES;
				CLANG_WARN_SUSPICIOUS_MOVE = YES;
				CLANG_WARN_UNGUARDED_AVAILABILITY = YES_AGGRESSIVE;
				CLANG_WARN_UNREACHABLE_CODE = YES;
				CLANG_WARN__DUPLICATE_METHOD_MATCH = YES;
				COPY_PHASE_STRIP = NO;
				DEBUG_INFORMATION_FORMAT = dwarf;
				ENABLE_STRICT_OBJC_MSGSEND = YES;
				ENABLE_TESTABILITY = YES;
				GCC_C_LANGUAGE_STANDARD = gnu11;
				GCC_DYNAMIC_NO_PIC = NO;
				GCC_NO_COMMON_BLOCKS = YES;
				GCC_OPTIMIZATION_LEVEL = 0;
				GCC_PREPROCESSOR_DEFINITIONS = (
					"DEBUG=1",
					"$(inherited)",
				);
				GCC_WARN_64_TO_32_BIT_CONVERSION = YES;
				GCC_WARN_ABOUT_RETURN_TYPE = YES_ERROR;
				GCC_WARN_UNDECLARED_SELECTOR = YES;
				GCC_WARN_UNINITIALIZED_AUTOS = YES_AGGRESSIVE;
				GCC_WARN_UNUSED_FUNCTION = YES;
				GCC_WARN_UNUSED_VARIABLE = YES;
				IPHONEOS_DEPLOYMENT_TARGET = 15.5;
				MTL_ENABLE_DEBUG_INFO = INCLUDE_SOURCE;
				MTL_FAST_MATH = YES;
				ONLY_ACTIVE_ARCH = YES;
				SDKROOT = iphoneos;
				SWIFT_ACTIVE_COMPILATION_CONDITIONS = DEBUG;
				SWIFT_OPTIMIZATION_LEVEL = "-Onone";
			};
			name = Debug;
		};
		2E9B09B428483A2400F450C8 /* Release */ = {
			isa = XCBuildConfiguration;
			buildSettings = {
				ALWAYS_SEARCH_USER_PATHS = NO;
				CLANG_ANALYZER_NONNULL = YES;
				CLANG_ANALYZER_NUMBER_OBJECT_CONVERSION = YES_AGGRESSIVE;
				CLANG_CXX_LANGUAGE_STANDARD = "gnu++17";
				CLANG_ENABLE_MODULES = YES;
				CLANG_ENABLE_OBJC_ARC = YES;
				CLANG_ENABLE_OBJC_WEAK = YES;
				CLANG_WARN_BLOCK_CAPTURE_AUTORELEASING = YES;
				CLANG_WARN_BOOL_CONVERSION = YES;
				CLANG_WARN_COMMA = YES;
				CLANG_WARN_CONSTANT_CONVERSION = YES;
				CLANG_WARN_DEPRECATED_OBJC_IMPLEMENTATIONS = YES;
				CLANG_WARN_DIRECT_OBJC_ISA_USAGE = YES_ERROR;
				CLANG_WARN_DOCUMENTATION_COMMENTS = YES;
				CLANG_WARN_EMPTY_BODY = YES;
				CLANG_WARN_ENUM_CONVERSION = YES;
				CLANG_WARN_INFINITE_RECURSION = YES;
				CLANG_WARN_INT_CONVERSION = YES;
				CLANG_WARN_NON_LITERAL_NULL_CONVERSION = YES;
				CLANG_WARN_OBJC_IMPLICIT_RETAIN_SELF = YES;
				CLANG_WARN_OBJC_LITERAL_CONVERSION = YES;
				CLANG_WARN_OBJC_ROOT_CLASS = YES_ERROR;
				CLANG_WARN_QUOTED_INCLUDE_IN_FRAMEWORK_HEADER = YES;
				CLANG_WARN_RANGE_LOOP_ANALYSIS = YES;
				CLANG_WARN_STRICT_PROTOTYPES = YES;
				CLANG_WARN_SUSPICIOUS_MOVE = YES;
				CLANG_WARN_UNGUARDED_AVAILABILITY = YES_AGGRESSIVE;
				CLANG_WARN_UNREACHABLE_CODE = YES;
				CLANG_WARN__DUPLICATE_METHOD_MATCH = YES;
				COPY_PHASE_STRIP = NO;
				DEBUG_INFORMATION_FORMAT = "dwarf-with-dsym";
				ENABLE_NS_ASSERTIONS = NO;
				ENABLE_STRICT_OBJC_MSGSEND = YES;
				GCC_C_LANGUAGE_STANDARD = gnu11;
				GCC_NO_COMMON_BLOCKS = YES;
				GCC_WARN_64_TO_32_BIT_CONVERSION = YES;
				GCC_WARN_ABOUT_RETURN_TYPE = YES_ERROR;
				GCC_WARN_UNDECLARED_SELECTOR = YES;
				GCC_WARN_UNINITIALIZED_AUTOS = YES_AGGRESSIVE;
				GCC_WARN_UNUSED_FUNCTION = YES;
				GCC_WARN_UNUSED_VARIABLE = YES;
				IPHONEOS_DEPLOYMENT_TARGET = 15.5;
				MTL_ENABLE_DEBUG_INFO = NO;
				MTL_FAST_MATH = YES;
				SDKROOT = iphoneos;
				SWIFT_COMPILATION_MODE = wholemodule;
				SWIFT_OPTIMIZATION_LEVEL = "-O";
				VALIDATE_PRODUCT = YES;
			};
			name = Release;
		};
		2E9B09B628483A2400F450C8 /* Debug */ = {
			isa = XCBuildConfiguration;
			buildSettings = {
				ASSETCATALOG_COMPILER_APPICON_NAME = AppIcon;
				ASSETCATALOG_COMPILER_GLOBAL_ACCENT_COLOR_NAME = AccentColor;
				CODE_SIGN_STYLE = Automatic;
				CURRENT_PROJECT_VERSION = 1;
				DEVELOPMENT_ASSET_PATHS = "\"SolanaApp/Preview Content\"";
				DEVELOPMENT_TEAM = 9DGMQB3935;
				ENABLE_PREVIEWS = YES;
				GENERATE_INFOPLIST_FILE = YES;
				INFOPLIST_KEY_UIApplicationSceneManifest_Generation = YES;
				INFOPLIST_KEY_UIApplicationSupportsIndirectInputEvents = YES;
				INFOPLIST_KEY_UILaunchScreen_Generation = YES;
				INFOPLIST_KEY_UISupportedInterfaceOrientations_iPad = "UIInterfaceOrientationPortrait UIInterfaceOrientationPortraitUpsideDown UIInterfaceOrientationLandscapeLeft UIInterfaceOrientationLandscapeRight";
				INFOPLIST_KEY_UISupportedInterfaceOrientations_iPhone = "UIInterfaceOrientationPortrait UIInterfaceOrientationLandscapeLeft UIInterfaceOrientationLandscapeRight";
				LD_RUNPATH_SEARCH_PATHS = (
					"$(inherited)",
					"@executable_path/Frameworks",
				);
				MARKETING_VERSION = 1.0;
				PRODUCT_BUNDLE_IDENTIFIER = com.deniztutuncu.SolanaApp;
				PRODUCT_NAME = "$(TARGET_NAME)";
				SWIFT_EMIT_LOC_STRINGS = YES;
				SWIFT_VERSION = 5.0;
				TARGETED_DEVICE_FAMILY = "1,2";
			};
			name = Debug;
		};
		2E9B09B728483A2400F450C8 /* Release */ = {
			isa = XCBuildConfiguration;
			buildSettings = {
				ASSETCATALOG_COMPILER_APPICON_NAME = AppIcon;
				ASSETCATALOG_COMPILER_GLOBAL_ACCENT_COLOR_NAME = AccentColor;
				CODE_SIGN_STYLE = Automatic;
				CURRENT_PROJECT_VERSION = 1;
				DEVELOPMENT_ASSET_PATHS = "\"SolanaApp/Preview Content\"";
				DEVELOPMENT_TEAM = 9DGMQB3935;
				ENABLE_PREVIEWS = YES;
				GENERATE_INFOPLIST_FILE = YES;
				INFOPLIST_KEY_UIApplicationSceneManifest_Generation = YES;
				INFOPLIST_KEY_UIApplicationSupportsIndirectInputEvents = YES;
				INFOPLIST_KEY_UILaunchScreen_Generation = YES;
				INFOPLIST_KEY_UISupportedInterfaceOrientations_iPad = "UIInterfaceOrientationPortrait UIInterfaceOrientationPortraitUpsideDown UIInterfaceOrientationLandscapeLeft UIInterfaceOrientationLandscapeRight";
				INFOPLIST_KEY_UISupportedInterfaceOrientations_iPhone = "UIInterfaceOrientationPortrait UIInterfaceOrientationLandscapeLeft UIInterfaceOrientationLandscapeRight";
				LD_RUNPATH_SEARCH_PATHS = (
					"$(inherited)",
					"@executable_path/Frameworks",
				);
				MARKETING_VERSION = 1.0;
				PRODUCT_BUNDLE_IDENTIFIER = com.deniztutuncu.SolanaApp;
				PRODUCT_NAME = "$(TARGET_NAME)";
				SWIFT_EMIT_LOC_STRINGS = YES;
				SWIFT_VERSION = 5.0;
				TARGETED_DEVICE_FAMILY = "1,2";
			};
			name = Release;
		};
		2E9B09B928483A2400F450C8 /* Debug */ = {
			isa = XCBuildConfiguration;
			buildSettings = {
				ALWAYS_EMBED_SWIFT_STANDARD_LIBRARIES = YES;
				BUNDLE_LOADER = "$(TEST_HOST)";
				CODE_SIGN_STYLE = Automatic;
				CURRENT_PROJECT_VERSION = 1;
				DEVELOPMENT_TEAM = 9DGMQB3935;
				GENERATE_INFOPLIST_FILE = YES;
				IPHONEOS_DEPLOYMENT_TARGET = 15.5;
				MARKETING_VERSION = 1.0;
				PRODUCT_BUNDLE_IDENTIFIER = com.deniztutuncu.SolanaAppTests;
				PRODUCT_NAME = "$(TARGET_NAME)";
				SWIFT_EMIT_LOC_STRINGS = NO;
				SWIFT_VERSION = 5.0;
				TARGETED_DEVICE_FAMILY = "1,2";
				TEST_HOST = "$(BUILT_PRODUCTS_DIR)/SolanaApp.app/SolanaApp";
			};
			name = Debug;
		};
		2E9B09BA28483A2400F450C8 /* Release */ = {
			isa = XCBuildConfiguration;
			buildSettings = {
				ALWAYS_EMBED_SWIFT_STANDARD_LIBRARIES = YES;
				BUNDLE_LOADER = "$(TEST_HOST)";
				CODE_SIGN_STYLE = Automatic;
				CURRENT_PROJECT_VERSION = 1;
				DEVELOPMENT_TEAM = 9DGMQB3935;
				GENERATE_INFOPLIST_FILE = YES;
				IPHONEOS_DEPLOYMENT_TARGET = 15.5;
				MARKETING_VERSION = 1.0;
				PRODUCT_BUNDLE_IDENTIFIER = com.deniztutuncu.SolanaAppTests;
				PRODUCT_NAME = "$(TARGET_NAME)";
				SWIFT_EMIT_LOC_STRINGS = NO;
				SWIFT_VERSION = 5.0;
				TARGETED_DEVICE_FAMILY = "1,2";
				TEST_HOST = "$(BUILT_PRODUCTS_DIR)/SolanaApp.app/SolanaApp";
			};
			name = Release;
		};
		2E9B09BC28483A2400F450C8 /* Debug */ = {
			isa = XCBuildConfiguration;
			buildSettings = {
				ALWAYS_EMBED_SWIFT_STANDARD_LIBRARIES = YES;
				CODE_SIGN_STYLE = Automatic;
				CURRENT_PROJECT_VERSION = 1;
				DEVELOPMENT_TEAM = 9DGMQB3935;
				GENERATE_INFOPLIST_FILE = YES;
				MARKETING_VERSION = 1.0;
				PRODUCT_BUNDLE_IDENTIFIER = com.deniztutuncu.SolanaAppUITests;
				PRODUCT_NAME = "$(TARGET_NAME)";
				SWIFT_EMIT_LOC_STRINGS = NO;
				SWIFT_VERSION = 5.0;
				TARGETED_DEVICE_FAMILY = "1,2";
				TEST_TARGET_NAME = SolanaApp;
			};
			name = Debug;
		};
		2E9B09BD28483A2400F450C8 /* Release */ = {
			isa = XCBuildConfiguration;
			buildSettings = {
				ALWAYS_EMBED_SWIFT_STANDARD_LIBRARIES = YES;
				CODE_SIGN_STYLE = Automatic;
				CURRENT_PROJECT_VERSION = 1;
				DEVELOPMENT_TEAM = 9DGMQB3935;
				GENERATE_INFOPLIST_FILE = YES;
				MARKETING_VERSION = 1.0;
				PRODUCT_BUNDLE_IDENTIFIER = com.deniztutuncu.SolanaAppUITests;
				PRODUCT_NAME = "$(TARGET_NAME)";
				SWIFT_EMIT_LOC_STRINGS = NO;
				SWIFT_VERSION = 5.0;
				TARGETED_DEVICE_FAMILY = "1,2";
				TEST_TARGET_NAME = SolanaApp;
			};
			name = Release;
		};
/* End XCBuildConfiguration section */

/* Begin XCConfigurationList section */
		2E9B098C28483A2200F450C8 /* Build configuration list for PBXProject "SolanaApp" */ = {
			isa = XCConfigurationList;
			buildConfigurations = (
				2E9B09B328483A2400F450C8 /* Debug */,
				2E9B09B428483A2400F450C8 /* Release */,
			);
			defaultConfigurationIsVisible = 0;
			defaultConfigurationName = Release;
		};
		2E9B09B528483A2400F450C8 /* Build configuration list for PBXNativeTarget "SolanaApp" */ = {
			isa = XCConfigurationList;
			buildConfigurations = (
				2E9B09B628483A2400F450C8 /* Debug */,
				2E9B09B728483A2400F450C8 /* Release */,
			);
			defaultConfigurationIsVisible = 0;
			defaultConfigurationName = Release;
		};
		2E9B09B828483A2400F450C8 /* Build configuration list for PBXNativeTarget "SolanaAppTests" */ = {
			isa = XCConfigurationList;
			buildConfigurations = (
				2E9B09B928483A2400F450C8 /* Debug */,
				2E9B09BA28483A2400F450C8 /* Release */,
			);
			defaultConfigurationIsVisible = 0;
			defaultConfigurationName = Release;
		};
		2E9B09BB28483A2400F450C8 /* Build configuration list for PBXNativeTarget "SolanaAppUITests" */ = {
			isa = XCConfigurationList;
			buildConfigurations = (
				2E9B09BC28483A2400F450C8 /* Debug */,
				2E9B09BD28483A2400F450C8 /* Release */,
			);
			defaultConfigurationIsVisible = 0;
			defaultConfigurationName = Release;
		};
/* End XCConfigurationList section */
	};
	rootObject = 2E9B098928483A2200F450C8 /* Project object */;
}
